
Microsoft Visual Studio Solution File, Format Version 12.00
# Visual Studio Version 17
VisualStudioVersion = 17.14.36202.13
MinimumVisualStudioVersion = 10.0.40219.1
Project("{8BC9CEB8-8B4A-11D0-8D11-00A0C91BC942}") = "kurasagi", "kurasagi\kurasagi.vcxproj", "{4B0A9D20-74B8-E8D6-C19A-5CB6766B9590}"
EndProject
Project("{8BC9CEB8-8B4A-11D0-8D11-00A0C91BC942}") = "VerifyPg", "VerifyPg\VerifyPg.vcxproj", "{022DC635-92EE-2D09-1D57-5D6A7C618D66}"
EndProject
Global
	GlobalSection(SolutionConfigurationPlatforms) = preSolution
		Debug|ARM64 = Debug|ARM64
		Debug|x64 = Debug|x64
		Release|ARM64 = Release|ARM64
		Release|x64 = Release|x64
	EndGlobalSection
	GlobalSection(ProjectConfigurationPlatforms) = postSolution
		{4B0A9D20-74B8-E8D6-C19A-5CB6766B9590}.Debug|ARM64.ActiveCfg = Debug|ARM64
		{4B0A9D20-74B8-E8D6-C19A-5CB6766B9590}.Debug|ARM64.Build.0 = Debug|ARM64
		{4B0A9D20-74B8-E8D6-C19A-5CB6766B9590}.Debug|ARM64.Deploy.0 = Debug|ARM64
		{4B0A9D20-74B8-E8D6-C19A-5CB6766B9590}.Debug|x64.ActiveCfg = Debug|x64
		{4B0A9D20-74B8-E8D6-C19A-5CB6766B9590}.Debug|x64.Build.0 = Debug|x64
		{4B0A9D20-74B8-E8D6-C19A-5CB6766B9590}.Debug|x64.Deploy.0 = Debug|x64
		{4B0A9D20-74B8-E8D6-C19A-5CB6766B9590}.Release|ARM64.ActiveCfg = Release|ARM64
		{4B0A9D20-74B8-E8D6-C19A-5CB6766B9590}.Release|ARM64.Build.0 = Release|ARM64
		{4B0A9D20-74B8-E8D6-C19A-5CB6766B9590}.Release|ARM64.Deploy.0 = Release|ARM64
		{4B0A9D20-74B8-E8D6-C19A-5CB6766B9590}.Release|x64.ActiveCfg = Release|x64
		{4B0A9D20-74B8-E8D6-C19A-5CB6766B9590}.Release|x64.Build.0 = Release|x64
		{4B0A9D20-74B8-E8D6-C19A-5CB6766B9590}.Release|x64.Deploy.0 = Release|x64
		{022DC635-92EE-2D09-1D57-5D6A7C618D66}.Debug|ARM64.ActiveCfg = Debug|ARM64
		{022DC635-92EE-2D09-1D57-5D6A7C618D66}.Debug|ARM64.Build.0 = Debug|ARM64
		{022DC635-92EE-2D09-1D57-5D6A7C618D66}.Debug|ARM64.Deploy.0 = Debug|ARM64
		{022DC635-92EE-2D09-1D57-5D6A7C618D66}.Debug|x64.ActiveCfg = Debug|x64
		{022DC635-92EE-2D09-1D57-5D6A7C618D66}.Debug|x64.Build.0 = Debug|x64
		{022DC635-92EE-2D09-1D57-5D6A7C618D66}.Debug|x64.Deploy.0 = Debug|x64
		{022DC635-92EE-2D09-1D57-5D6A7C618D66}.Release|ARM64.ActiveCfg = Release|ARM64
		{022DC635-92EE-2D09-1D57-5D6A7C618D66}.Release|ARM64.Build.0 = Release|ARM64
		{022DC635-92EE-2D09-1D57-5D6A7C618D66}.Release|ARM64.Deploy.0 = Release|ARM64
		{022DC635-92EE-2D09-1D57-5D6A7C618D66}.Release|x64.ActiveCfg = Release|x64
		{022DC635-92EE-2D09-1D57-5D6A7C618D66}.Release|x64.Build.0 = Release|x64
		{022DC635-92EE-2D09-1D57-5D6A7C618D66}.Release|x64.Deploy.0 = Release|x64
	EndGlobalSection
	GlobalSection(SolutionProperties) = preSolution
		HideSolutionNode = FALSE
	EndGlobalSection
	GlobalSection(ExtensibilityGlobals) = postSolution
		SolutionGuid = {33D6B165-E8FF-493B-B356-A4923CCF4D66}
	EndGlobalSection
EndGlobal
