# This file is automatically @generated by Poetry 2.1.2 and should not be changed by hand.

[[package]]
name = "argcomplete"
version = "3.6.2"
description = "Bash tab completion for argparse"
optional = false
python-versions = ">=3.8"
groups = ["main"]
files = [
    {file = "argcomplete-3.6.2-py3-none-any.whl", hash = "sha256:65b3133a29ad53fb42c48cf5114752c7ab66c1c38544fdf6460f450c09b42591"},
    {file = "argcomplete-3.6.2.tar.gz", hash = "sha256:d0519b1bc867f5f4f4713c41ad0aba73a4a5f007449716b16f385f2166dc6adf"},
]

[package.extras]
test = ["coverage", "mypy", "pexpect", "ruff", "wheel"]

[[package]]
name = "colorama"
version = "0.4.6"
description = "Cross-platform colored terminal text."
optional = false
python-versions = "!=3.0.*,!=3.1.*,!=3.2.*,!=3.3.*,!=3.4.*,!=3.5.*,!=3.6.*,>=2.7"
groups = ["main"]
files = [
    {file = "colorama-0.4.6-py2.py3-none-any.whl", hash = "sha256:4f1d9991f5acc0ca119f9d443620b77f9d6b33703e51011c16baf57afb285fc6"},
    {file = "colorama-0.4.6.tar.gz", hash = "sha256:08695f5cb7ed6e0531a20572697297273c47b8cae5a63ffc6d6ed5c201be6e44"},
]

[[package]]
name = "decorator"
version = "5.2.1"
description = "Decorators for Humans"
optional = false
python-versions = ">=3.8"
groups = ["main"]
files = [
    {file = "decorator-5.2.1-py3-none-any.whl", hash = "sha256:d316bb415a2d9e2d2b3abcc4084c6502fc09240e292cd76a76afc106a1c8e04a"},
    {file = "decorator-5.2.1.tar.gz", hash = "sha256:65f266143752f734b0a7cc83c46f4618af75b8c5911b00ccb61d0ac9b6da0360"},
]

[[package]]
name = "gssapi"
version = "1.9.0"
description = "Python GSSAPI Wrapper"
optional = false
python-versions = ">=3.8"
groups = ["main"]
files = [
    {file = "gssapi-1.9.0-cp310-cp310-macosx_10_9_x86_64.whl", hash = "sha256:261e00ac426d840055ddb2199f4989db7e3ce70fa18b1538f53e392b4823e8f1"},
    {file = "gssapi-1.9.0-cp310-cp310-macosx_11_0_arm64.whl", hash = "sha256:14a1ae12fdf1e4c8889206195ba1843de09fe82587fa113112887cd5894587c6"},
    {file = "gssapi-1.9.0-cp310-cp310-win32.whl", hash = "sha256:2a9c745255e3a810c3e8072e267b7b302de0705f8e9a0f2c5abc92fe12b9475e"},
    {file = "gssapi-1.9.0-cp310-cp310-win_amd64.whl", hash = "sha256:dfc1b4c0bfe9f539537601c9f187edc320daf488f694e50d02d0c1eb37416962"},
    {file = "gssapi-1.9.0-cp311-cp311-macosx_10_9_x86_64.whl", hash = "sha256:67d9be5e34403e47fb5749d5a1ad4e5a85b568e6a9add1695edb4a5b879f7560"},
    {file = "gssapi-1.9.0-cp311-cp311-macosx_11_0_arm64.whl", hash = "sha256:11e9b92cef11da547fc8c210fa720528fd854038504103c1b15ae2a89dce5fcd"},
    {file = "gssapi-1.9.0-cp311-cp311-win32.whl", hash = "sha256:6c5f8a549abd187687440ec0b72e5b679d043d620442b3637d31aa2766b27cbe"},
    {file = "gssapi-1.9.0-cp311-cp311-win_amd64.whl", hash = "sha256:59e1a1a9a6c5dc430dc6edfcf497f5ca00cf417015f781c9fac2e85652cd738f"},
    {file = "gssapi-1.9.0-cp312-cp312-macosx_10_13_x86_64.whl", hash = "sha256:b66a98827fbd2864bf8993677a039d7ba4a127ca0d2d9ed73e0ef4f1baa7fd7f"},
    {file = "gssapi-1.9.0-cp312-cp312-macosx_11_0_arm64.whl", hash = "sha256:2bddd1cc0c9859c5e0fd96d4d88eb67bd498fdbba45b14cdccfe10bfd329479f"},
    {file = "gssapi-1.9.0-cp312-cp312-win32.whl", hash = "sha256:10134db0cf01bd7d162acb445762dbcc58b5c772a613e17c46cf8ad956c4dfec"},
    {file = "gssapi-1.9.0-cp312-cp312-win_amd64.whl", hash = "sha256:e28c7d45da68b7e36ed3fb3326744bfe39649f16e8eecd7b003b082206039c76"},
    {file = "gssapi-1.9.0-cp313-cp313-macosx_10_13_x86_64.whl", hash = "sha256:cea344246935b5337e6f8a69bb6cc45619ab3a8d74a29fcb0a39fd1e5843c89c"},
    {file = "gssapi-1.9.0-cp313-cp313-macosx_11_0_arm64.whl", hash = "sha256:1a5786bd9fcf435bd0c87dc95ae99ad68cefcc2bcc80c71fef4cb0ccdfb40f1e"},
    {file = "gssapi-1.9.0-cp313-cp313-win32.whl", hash = "sha256:c99959a9dd62358e370482f1691e936cb09adf9a69e3e10d4f6a097240e9fd28"},
    {file = "gssapi-1.9.0-cp313-cp313-win_amd64.whl", hash = "sha256:a2e43f50450e81fe855888c53df70cdd385ada979db79463b38031710a12acd9"},
    {file = "gssapi-1.9.0-cp38-cp38-macosx_10_9_x86_64.whl", hash = "sha256:c0e378d62b2fc352ca0046030cda5911d808a965200f612fdd1d74501b83e98f"},
    {file = "gssapi-1.9.0-cp38-cp38-macosx_11_0_arm64.whl", hash = "sha256:b74031c70864d04864b7406c818f41be0c1637906fb9654b06823bcc79f151dc"},
    {file = "gssapi-1.9.0-cp38-cp38-win32.whl", hash = "sha256:f2f3a46784d8127cc7ef10d3367dedcbe82899ea296710378ccc9b7cefe96f4c"},
    {file = "gssapi-1.9.0-cp38-cp38-win_amd64.whl", hash = "sha256:a81f30cde21031e7b1f8194a3eea7285e39e551265e7744edafd06eadc1c95bc"},
    {file = "gssapi-1.9.0-cp39-cp39-macosx_10_9_x86_64.whl", hash = "sha256:cbc93fdadd5aab9bae594538b2128044b8c5cdd1424fe015a465d8a8a587411a"},
    {file = "gssapi-1.9.0-cp39-cp39-macosx_11_0_arm64.whl", hash = "sha256:5b2a3c0a9beb895942d4b8e31f515e52c17026e55aeaa81ee0df9bbfdac76098"},
    {file = "gssapi-1.9.0-cp39-cp39-win32.whl", hash = "sha256:060b58b455d29ab8aca74770e667dca746264bee660ac5b6a7a17476edc2c0b8"},
    {file = "gssapi-1.9.0-cp39-cp39-win_amd64.whl", hash = "sha256:11c9fe066edb0fa0785697eb0cecf2719c7ad1d9f2bf27be57b647a617bcfaa5"},
    {file = "gssapi-1.9.0.tar.gz", hash = "sha256:f468fac8f3f5fca8f4d1ca19e3cd4d2e10bd91074e7285464b22715d13548afe"},
]

[package.dependencies]
decorator = "*"

[[package]]
name = "ldap3"
version = "2.9.1"
description = "A strictly RFC 4510 conforming LDAP V3 pure Python client library"
optional = false
python-versions = "*"
groups = ["main"]
files = [
    {file = "ldap3-2.9.1-py2.py3-none-any.whl", hash = "sha256:5869596fc4948797020d3f03b7939da938778a0f9e2009f7a072ccf92b8e8d70"},
    {file = "ldap3-2.9.1.tar.gz", hash = "sha256:f3e7fc4718e3f09dda568b57100095e0ce58633bcabbed8667ce3f8fbaa4229f"},
]

[package.dependencies]
pyasn1 = ">=0.4.6"

[[package]]
name = "prompt-toolkit"
version = "3.0.51"
description = "Library for building powerful interactive command lines in Python"
optional = false
python-versions = ">=3.8"
groups = ["main"]
files = [
    {file = "prompt_toolkit-3.0.51-py3-none-any.whl", hash = "sha256:52742911fde84e2d423e2f9a4cf1de7d7ac4e51958f648d9540e0fb8db077b07"},
    {file = "prompt_toolkit-3.0.51.tar.gz", hash = "sha256:931a162e3b27fc90c86f1b48bb1fb2c528c2761475e57c9c06de13311c7b54ed"},
]

[package.dependencies]
wcwidth = "*"

[[package]]
name = "pyasn1"
version = "0.6.1"
description = "Pure-Python implementation of ASN.1 types and DER/BER/CER codecs (X.208)"
optional = false
python-versions = ">=3.8"
groups = ["main"]
files = [
    {file = "pyasn1-0.6.1-py3-none-any.whl", hash = "sha256:0d632f46f2ba09143da3a8afe9e33fb6f92fa2320ab7e886e2d0f7672af84629"},
    {file = "pyasn1-0.6.1.tar.gz", hash = "sha256:6f580d2bdd84365380830acf45550f2511469f673cb4a5ae3857a3170128b034"},
]

[[package]]
name = "questionary"
version = "2.1.0"
description = "Python library to build pretty command line user prompts ⭐️"
optional = false
python-versions = ">=3.8"
groups = ["main"]
files = [
    {file = "questionary-2.1.0-py3-none-any.whl", hash = "sha256:44174d237b68bc828e4878c763a9ad6790ee61990e0ae72927694ead57bab8ec"},
    {file = "questionary-2.1.0.tar.gz", hash = "sha256:6302cdd645b19667d8f6e6634774e9538bfcd1aad9be287e743d96cacaf95587"},
]

[package.dependencies]
prompt_toolkit = ">=2.0,<4.0"

[[package]]
name = "unidecode"
version = "1.4.0"
description = "ASCII transliterations of Unicode text"
optional = false
python-versions = ">=3.7"
groups = ["main"]
files = [
    {file = "Unidecode-1.4.0-py3-none-any.whl", hash = "sha256:c3c7606c27503ad8d501270406e345ddb480a7b5f38827eafe4fa82a137f0021"},
    {file = "Unidecode-1.4.0.tar.gz", hash = "sha256:ce35985008338b676573023acc382d62c264f307c8f7963733405add37ea2b23"},
]

[[package]]
name = "wcwidth"
version = "0.2.13"
description = "Measures the displayed width of unicode strings in a terminal"
optional = false
python-versions = "*"
groups = ["main"]
files = [
    {file = "wcwidth-0.2.13-py2.py3-none-any.whl", hash = "sha256:3da69048e4540d84af32131829ff948f1e022c1c6bdb8d6102117aac784f6859"},
    {file = "wcwidth-0.2.13.tar.gz", hash = "sha256:72ea0c06399eb286d978fdedb6923a9eb47e1c486ce63e9b4e64fc18303972b5"},
]

[metadata]
lock-version = "2.1"
python-versions = ">=3.8,<4.0"
content-hash = "a34752f37ff4d94c3b3c73a0e88ffb006c5e612873b9264c25d3b37ca90b2e43"
