
Microsoft Visual Studio Solution File, Format Version 12.00
# Visual Studio Version 17
VisualStudioVersion = 17.8.34408.163
MinimumVisualStudioVersion = 10.0.40219.1
Project("{8BC9CEB8-8B4A-11D0-8D11-00A0C91BC942}") = "runAsKeylogger", "runAsKeylogger\runAsKeylogger.vcxproj", "{8151A07B-9354-4916-9D8A-8EFA55856942}"
EndProject
Global
	GlobalSection(SolutionConfigurationPlatforms) = preSolution
		Debug|x64 = Debug|x64
		Debug|x86 = Debug|x86
		Release|x64 = Release|x64
		Release|x86 = Release|x86
	EndGlobalSection
	GlobalSection(ProjectConfigurationPlatforms) = postSolution
		{8151A07B-9354-4916-9D8A-8EFA55856942}.Debug|x64.ActiveCfg = Debug|x64
		{8151A07B-9354-4916-9D8A-8EFA55856942}.Debug|x64.Build.0 = Debug|x64
		{8151A07B-9354-4916-9D8A-8EFA55856942}.Debug|x86.ActiveCfg = Debug|Win32
		{8151A07B-9354-4916-9D8A-8EFA55856942}.Debug|x86.Build.0 = Debug|Win32
		{8151A07B-9354-4916-9D8A-8EFA55856942}.Release|x64.ActiveCfg = Release|x64
		{8151A07B-9354-4916-9D8A-8EFA55856942}.Release|x64.Build.0 = Release|x64
		{8151A07B-9354-4916-9D8A-8EFA55856942}.Release|x86.ActiveCfg = Release|Win32
		{8151A07B-9354-4916-9D8A-8EFA55856942}.Release|x86.Build.0 = Release|Win32
	EndGlobalSection
	GlobalSection(SolutionProperties) = preSolution
		HideSolutionNode = FALSE
	EndGlobalSection
	GlobalSection(ExtensibilityGlobals) = postSolution
		SolutionGuid = {215A5018-05B5-4F16-837D-CEEF5828514C}
	EndGlobalSection
EndGlobal
